
Microsoft Visual Studio Solution File, Format Version 12.00
# Visual Studio Version 17
VisualStudioVersion = 17.4.32804.182
MinimumVisualStudioVersion = 10.0.40219.1
Project("{FAE04EC0-301F-11D3-BF4B-00C04F79EFBC}") = "Erni.Mobile.UWP", "src\Erni.Mobile.UWP\Erni.Mobile.UWP.csproj", "{993259EA-EBF5-4E0F-A705-55C13EC49DC7}"
EndProject
Project("{FAE04EC0-301F-11D3-BF4B-00C04F79EFBC}") = "Erni.Mobile.Android", "src\Erni.Mobile.Android\Erni.Mobile.Android.csproj", "{0400A24B-4B4A-45B8-B424-833C2B761706}"
EndProject
Project("{FAE04EC0-301F-11D3-BF4B-00C04F79EFBC}") = "Erni.Mobile.iOS", "src\Erni.Mobile.iOS\Erni.Mobile.iOS.csproj", "{CDC1C086-E447-4183-83C6-C985DB842443}"
EndProject
Project("{9A19103F-16F7-4668-BE54-9A1E7A4F7556}") = "Erni.Mobile", "src\Erni.Mobile\Erni.Mobile.csproj", "{BA0699F4-0129-4523-9661-AD8B3266C066}"
EndProject
Project("{2150E333-8FDC-42A3-9474-1A3956D46DE8}") = "src", "src", "{86D16FAB-E0A6-4566-A4E3-51062EBD8985}"
EndProject
Project("{2150E333-8FDC-42A3-9474-1A3956D46DE8}") = "docs", "docs", "{5506E56E-B742-47B3-A9FC-3E7241DDA14A}"
	ProjectSection(SolutionItems) = preProject
		docs\README.md = docs\README.md
	EndProjectSection
EndProject
Project("{2150E333-8FDC-42A3-9474-1A3956D46DE8}") = "scripts", "scripts", "{62B36647-DF76-443F-A615-D0FE2B7B06A1}"
	ProjectSection(SolutionItems) = preProject
		scripts\azure-pipelines.yml = scripts\azure-pipelines.yml
	EndProjectSection
EndProject
Project("{2150E333-8FDC-42A3-9474-1A3956D46DE8}") = "test", "test", "{00D9334E-F8FA-4D2F-BC91-184B9527E80D}"
EndProject
Project("{9A19103F-16F7-4668-BE54-9A1E7A4F7556}") = "Erni.Mobile.Test", "test\Erni.Mobile.Test\Erni.Mobile.Test.csproj", "{47E55638-0071-4531-A71A-23586926A5EE}"
EndProject
Project("{2150E333-8FDC-42A3-9474-1A3956D46DE8}") = "UwpInstaller", "UwpInstaller", "{7FBF5D32-240B-4FB8-8CF3-9F21D7DFFE95}"
	ProjectSection(SolutionItems) = preProject
		scripts\UwpInstaller\Generate-AppxMsi.ps1 = scripts\UwpInstaller\Generate-AppxMsi.ps1
		scripts\UwpInstaller\Install-CertificateAndSideLoad.ps1 = scripts\UwpInstaller\Install-CertificateAndSideLoad.ps1
		scripts\UwpInstaller\Install-UntrustedAppx.ps1 = scripts\UwpInstaller\Install-UntrustedAppx.ps1
		scripts\UwpInstaller\Template_x64.wxs = scripts\UwpInstaller\Template_x64.wxs
		scripts\UwpInstaller\Template_x86.wxs = scripts\UwpInstaller\Template_x86.wxs
		scripts\UwpInstaller\Uninstall-UntrustedAppx.ps1 = scripts\UwpInstaller\Uninstall-UntrustedAppx.ps1
	EndProjectSection
EndProject
Project("{2150E333-8FDC-42A3-9474-1A3956D46DE8}") = "TestWare", "TestWare", "{1553991A-F2D4-4F37-AF58-A3C67CABF8CA}"
EndProject
Project("{2150E333-8FDC-42A3-9474-1A3956D46DE8}") = "Core", "Core", "{4B798D70-B366-4474-AA5F-1D62B2E63125}"
EndProject
Project("{2150E333-8FDC-42A3-9474-1A3956D46DE8}") = "Engines", "Engines", "{07E37088-23C9-4954-B6D8-7D2207992808}"
EndProject
Project("{9A19103F-16F7-4668-BE54-9A1E7A4F7556}") = "TestWare.Core", "automationtestware\src\Core\TestWare.Core\TestWare.Core.csproj", "{FBCD98EC-0925-4481-A7DA-20BEAFE6A2E3}"
EndProject
Project("{9A19103F-16F7-4668-BE54-9A1E7A4F7556}") = "TestWare.ExtentReport", "automationtestware\src\Core\TestWare.TestReport\TestWare.ExtentReport.csproj", "{2B00A34E-8BE6-4138-94BB-C71D14B18F54}"
EndProject
Project("{9A19103F-16F7-4668-BE54-9A1E7A4F7556}") = "TestWare.Engines.Appium", "automationtestware\src\Engines\TestWare.Engines.Appium\TestWare.Engines.Appium.csproj", "{27202E4A-C831-4515-AF91-98286DD1782D}"
EndProject
Project("{9A19103F-16F7-4668-BE54-9A1E7A4F7556}") = "TestWare.Engines.Selenium", "automationtestware\src\Engines\TestWare.Engines.Selenium\TestWare.Engines.Selenium.csproj", "{B3D74899-975C-495C-9372-5E44CD0887EA}"
EndProject
Project("{9A19103F-16F7-4668-BE54-9A1E7A4F7556}") = "TestWare.Engines.Appium.WinAppDriver", "automationtestware\src\Engines\TestWare.Engines.WinAppDriver\TestWare.Engines.Appium.WinAppDriver.csproj", "{AC605554-9572-4D23-B331-8A8B6E4F6885}"
EndProject
Project("{2150E333-8FDC-42A3-9474-1A3956D46DE8}") = "Github", "Github", "{5BBFB99C-1EE7-4B6E-AD2C-D09AD7FC0311}"
EndProject
Project("{2150E333-8FDC-42A3-9474-1A3956D46DE8}") = "AzureDevops", "AzureDevops", "{C8EBD249-CFDC-4504-8D58-54583FF58692}"
	ProjectSection(SolutionItems) = preProject
		scripts\azure-pipelines.yml = scripts\azure-pipelines.yml
	EndProjectSection
EndProject
Project("{2150E333-8FDC-42A3-9474-1A3956D46DE8}") = "Workflows", "Workflows", "{29A67876-6C98-4728-8D86-0B779159BF9F}"
	ProjectSection(SolutionItems) = preProject
		.github\workflows\CI-SonaCloud-Scan.yml = .github\workflows\CI-SonaCloud-Scan.yml
		.github\workflows\CI-Xamarin.Forms.Android.yml = .github\workflows\CI-Xamarin.Forms.Android.yml
		.github\workflows\CI-Xamarin.Forms.iOS.yml = .github\workflows\CI-Xamarin.Forms.iOS.yml
		.github\workflows\CI-Xamarin.Forms.UWP.yml = .github\workflows\CI-Xamarin.Forms.UWP.yml
	EndProjectSection
EndProject
Global
	GlobalSection(SolutionConfigurationPlatforms) = preSolution
		Debug|Any CPU = Debug|Any CPU
		Debug|ARM = Debug|ARM
		Debug|iPhone = Debug|iPhone
		Debug|iPhoneSimulator = Debug|iPhoneSimulator
		Debug|x64 = Debug|x64
		Debug|x86 = Debug|x86
		Release|Any CPU = Release|Any CPU
		Release|ARM = Release|ARM
		Release|iPhone = Release|iPhone
		Release|iPhoneSimulator = Release|iPhoneSimulator
		Release|x64 = Release|x64
		Release|x86 = Release|x86
	EndGlobalSection
	GlobalSection(ProjectConfigurationPlatforms) = postSolution
		{993259EA-EBF5-4E0F-A705-55C13EC49DC7}.Debug|Any CPU.ActiveCfg = Debug|x64
		{993259EA-EBF5-4E0F-A705-55C13EC49DC7}.Debug|Any CPU.Build.0 = Debug|x64
		{993259EA-EBF5-4E0F-A705-55C13EC49DC7}.Debug|Any CPU.Deploy.0 = Debug|x64
		{993259EA-EBF5-4E0F-A705-55C13EC49DC7}.Debug|ARM.ActiveCfg = Debug|ARM
		{993259EA-EBF5-4E0F-A705-55C13EC49DC7}.Debug|ARM.Build.0 = Debug|ARM
		{993259EA-EBF5-4E0F-A705-55C13EC49DC7}.Debug|ARM.Deploy.0 = Debug|ARM
		{993259EA-EBF5-4E0F-A705-55C13EC49DC7}.Debug|iPhone.ActiveCfg = Debug|x64
		{993259EA-EBF5-4E0F-A705-55C13EC49DC7}.Debug|iPhone.Build.0 = Debug|x64
		{993259EA-EBF5-4E0F-A705-55C13EC49DC7}.Debug|iPhone.Deploy.0 = Debug|x64
		{993259EA-EBF5-4E0F-A705-55C13EC49DC7}.Debug|iPhoneSimulator.ActiveCfg = Debug|x64
		{993259EA-EBF5-4E0F-A705-55C13EC49DC7}.Debug|iPhoneSimulator.Build.0 = Debug|x64
		{993259EA-EBF5-4E0F-A705-55C13EC49DC7}.Debug|iPhoneSimulator.Deploy.0 = Debug|x64
		{993259EA-EBF5-4E0F-A705-55C13EC49DC7}.Debug|x64.ActiveCfg = Debug|x64
		{993259EA-EBF5-4E0F-A705-55C13EC49DC7}.Debug|x64.Build.0 = Debug|x64
		{993259EA-EBF5-4E0F-A705-55C13EC49DC7}.Debug|x64.Deploy.0 = Debug|x64
		{993259EA-EBF5-4E0F-A705-55C13EC49DC7}.Debug|x86.ActiveCfg = Debug|x86
		{993259EA-EBF5-4E0F-A705-55C13EC49DC7}.Debug|x86.Build.0 = Debug|x86
		{993259EA-EBF5-4E0F-A705-55C13EC49DC7}.Debug|x86.Deploy.0 = Debug|x86
		{993259EA-EBF5-4E0F-A705-55C13EC49DC7}.Release|Any CPU.ActiveCfg = Release|x64
		{993259EA-EBF5-4E0F-A705-55C13EC49DC7}.Release|Any CPU.Build.0 = Release|x64
		{993259EA-EBF5-4E0F-A705-55C13EC49DC7}.Release|Any CPU.Deploy.0 = Release|x64
		{993259EA-EBF5-4E0F-A705-55C13EC49DC7}.Release|ARM.ActiveCfg = Release|ARM
		{993259EA-EBF5-4E0F-A705-55C13EC49DC7}.Release|ARM.Build.0 = Release|ARM
		{993259EA-EBF5-4E0F-A705-55C13EC49DC7}.Release|ARM.Deploy.0 = Release|ARM
		{993259EA-EBF5-4E0F-A705-55C13EC49DC7}.Release|iPhone.ActiveCfg = Release|x64
		{993259EA-EBF5-4E0F-A705-55C13EC49DC7}.Release|iPhone.Build.0 = Release|x64
		{993259EA-EBF5-4E0F-A705-55C13EC49DC7}.Release|iPhone.Deploy.0 = Release|x64
		{993259EA-EBF5-4E0F-A705-55C13EC49DC7}.Release|iPhoneSimulator.ActiveCfg = Release|x64
		{993259EA-EBF5-4E0F-A705-55C13EC49DC7}.Release|iPhoneSimulator.Build.0 = Release|x64
		{993259EA-EBF5-4E0F-A705-55C13EC49DC7}.Release|iPhoneSimulator.Deploy.0 = Release|x64
		{993259EA-EBF5-4E0F-A705-55C13EC49DC7}.Release|x64.ActiveCfg = Release|x64
		{993259EA-EBF5-4E0F-A705-55C13EC49DC7}.Release|x64.Build.0 = Release|x64
		{993259EA-EBF5-4E0F-A705-55C13EC49DC7}.Release|x64.Deploy.0 = Release|x64
		{993259EA-EBF5-4E0F-A705-55C13EC49DC7}.Release|x86.ActiveCfg = Release|x86
		{993259EA-EBF5-4E0F-A705-55C13EC49DC7}.Release|x86.Build.0 = Release|x86
		{993259EA-EBF5-4E0F-A705-55C13EC49DC7}.Release|x86.Deploy.0 = Release|x86
		{0400A24B-4B4A-45B8-B424-833C2B761706}.Debug|Any CPU.ActiveCfg = Debug|Any CPU
		{0400A24B-4B4A-45B8-B424-833C2B761706}.Debug|Any CPU.Build.0 = Debug|Any CPU
		{0400A24B-4B4A-45B8-B424-833C2B761706}.Debug|Any CPU.Deploy.0 = Debug|Any CPU
		{0400A24B-4B4A-45B8-B424-833C2B761706}.Debug|ARM.ActiveCfg = Debug|Any CPU
		{0400A24B-4B4A-45B8-B424-833C2B761706}.Debug|ARM.Build.0 = Debug|Any CPU
		{0400A24B-4B4A-45B8-B424-833C2B761706}.Debug|ARM.Deploy.0 = Debug|Any CPU
		{0400A24B-4B4A-45B8-B424-833C2B761706}.Debug|iPhone.ActiveCfg = Debug|Any CPU
		{0400A24B-4B4A-45B8-B424-833C2B761706}.Debug|iPhone.Build.0 = Debug|Any CPU
		{0400A24B-4B4A-45B8-B424-833C2B761706}.Debug|iPhone.Deploy.0 = Debug|Any CPU
		{0400A24B-4B4A-45B8-B424-833C2B761706}.Debug|iPhoneSimulator.ActiveCfg = Debug|Any CPU
		{0400A24B-4B4A-45B8-B424-833C2B761706}.Debug|iPhoneSimulator.Build.0 = Debug|Any CPU
		{0400A24B-4B4A-45B8-B424-833C2B761706}.Debug|iPhoneSimulator.Deploy.0 = Debug|Any CPU
		{0400A24B-4B4A-45B8-B424-833C2B761706}.Debug|x64.ActiveCfg = Debug|Any CPU
		{0400A24B-4B4A-45B8-B424-833C2B761706}.Debug|x64.Build.0 = Debug|Any CPU
		{0400A24B-4B4A-45B8-B424-833C2B761706}.Debug|x64.Deploy.0 = Debug|Any CPU
		{0400A24B-4B4A-45B8-B424-833C2B761706}.Debug|x86.ActiveCfg = Debug|Any CPU
		{0400A24B-4B4A-45B8-B424-833C2B761706}.Debug|x86.Build.0 = Debug|Any CPU
		{0400A24B-4B4A-45B8-B424-833C2B761706}.Debug|x86.Deploy.0 = Debug|Any CPU
		{0400A24B-4B4A-45B8-B424-833C2B761706}.Release|Any CPU.ActiveCfg = Release|Any CPU
		{0400A24B-4B4A-45B8-B424-833C2B761706}.Release|Any CPU.Build.0 = Release|Any CPU
		{0400A24B-4B4A-45B8-B424-833C2B761706}.Release|Any CPU.Deploy.0 = Release|Any CPU
		{0400A24B-4B4A-45B8-B424-833C2B761706}.Release|ARM.ActiveCfg = Release|Any CPU
		{0400A24B-4B4A-45B8-B424-833C2B761706}.Release|ARM.Build.0 = Release|Any CPU
		{0400A24B-4B4A-45B8-B424-833C2B761706}.Release|ARM.Deploy.0 = Release|Any CPU
		{0400A24B-4B4A-45B8-B424-833C2B761706}.Release|iPhone.ActiveCfg = Release|Any CPU
		{0400A24B-4B4A-45B8-B424-833C2B761706}.Release|iPhone.Build.0 = Release|Any CPU
		{0400A24B-4B4A-45B8-B424-833C2B761706}.Release|iPhone.Deploy.0 = Release|Any CPU
		{0400A24B-4B4A-45B8-B424-833C2B761706}.Release|iPhoneSimulator.ActiveCfg = Release|Any CPU
		{0400A24B-4B4A-45B8-B424-833C2B761706}.Release|iPhoneSimulator.Build.0 = Release|Any CPU
		{0400A24B-4B4A-45B8-B424-833C2B761706}.Release|iPhoneSimulator.Deploy.0 = Release|Any CPU
		{0400A24B-4B4A-45B8-B424-833C2B761706}.Release|x64.ActiveCfg = Release|Any CPU
		{0400A24B-4B4A-45B8-B424-833C2B761706}.Release|x64.Build.0 = Release|Any CPU
		{0400A24B-4B4A-45B8-B424-833C2B761706}.Release|x64.Deploy.0 = Release|Any CPU
		{0400A24B-4B4A-45B8-B424-833C2B761706}.Release|x86.ActiveCfg = Release|Any CPU
		{0400A24B-4B4A-45B8-B424-833C2B761706}.Release|x86.Build.0 = Release|Any CPU
		{0400A24B-4B4A-45B8-B424-833C2B761706}.Release|x86.Deploy.0 = Release|Any CPU
		{CDC1C086-E447-4183-83C6-C985DB842443}.Debug|Any CPU.ActiveCfg = Debug|iPhoneSimulator
		{CDC1C086-E447-4183-83C6-C985DB842443}.Debug|Any CPU.Build.0 = Debug|iPhoneSimulator
		{CDC1C086-E447-4183-83C6-C985DB842443}.Debug|Any CPU.Deploy.0 = Debug|iPhoneSimulator
		{CDC1C086-E447-4183-83C6-C985DB842443}.Debug|ARM.ActiveCfg = Debug|iPhoneSimulator
		{CDC1C086-E447-4183-83C6-C985DB842443}.Debug|ARM.Build.0 = Debug|iPhoneSimulator
		{CDC1C086-E447-4183-83C6-C985DB842443}.Debug|ARM.Deploy.0 = Debug|iPhoneSimulator
		{CDC1C086-E447-4183-83C6-C985DB842443}.Debug|iPhone.ActiveCfg = Debug|iPhone
		{CDC1C086-E447-4183-83C6-C985DB842443}.Debug|iPhone.Build.0 = Debug|iPhone
		{CDC1C086-E447-4183-83C6-C985DB842443}.Debug|iPhone.Deploy.0 = Debug|iPhone
		{CDC1C086-E447-4183-83C6-C985DB842443}.Debug|iPhoneSimulator.ActiveCfg = Debug|iPhoneSimulator
		{CDC1C086-E447-4183-83C6-C985DB842443}.Debug|iPhoneSimulator.Build.0 = Debug|iPhoneSimulator
		{CDC1C086-E447-4183-83C6-C985DB842443}.Debug|iPhoneSimulator.Deploy.0 = Debug|iPhoneSimulator
		{CDC1C086-E447-4183-83C6-C985DB842443}.Debug|x64.ActiveCfg = Debug|iPhone
		{CDC1C086-E447-4183-83C6-C985DB842443}.Debug|x64.Build.0 = Debug|iPhone
		{CDC1C086-E447-4183-83C6-C985DB842443}.Debug|x64.Deploy.0 = Debug|iPhone
		{CDC1C086-E447-4183-83C6-C985DB842443}.Debug|x86.ActiveCfg = Debug|iPhoneSimulator
		{CDC1C086-E447-4183-83C6-C985DB842443}.Debug|x86.Build.0 = Debug|iPhoneSimulator
		{CDC1C086-E447-4183-83C6-C985DB842443}.Debug|x86.Deploy.0 = Debug|iPhoneSimulator
		{CDC1C086-E447-4183-83C6-C985DB842443}.Release|Any CPU.ActiveCfg = Release|iPhoneSimulator
		{CDC1C086-E447-4183-83C6-C985DB842443}.Release|Any CPU.Build.0 = Release|iPhoneSimulator
		{CDC1C086-E447-4183-83C6-C985DB842443}.Release|Any CPU.Deploy.0 = Release|iPhoneSimulator
		{CDC1C086-E447-4183-83C6-C985DB842443}.Release|ARM.ActiveCfg = Release|iPhoneSimulator
		{CDC1C086-E447-4183-83C6-C985DB842443}.Release|ARM.Build.0 = Release|iPhoneSimulator
		{CDC1C086-E447-4183-83C6-C985DB842443}.Release|ARM.Deploy.0 = Release|iPhoneSimulator
		{CDC1C086-E447-4183-83C6-C985DB842443}.Release|iPhone.ActiveCfg = Release|iPhone
		{CDC1C086-E447-4183-83C6-C985DB842443}.Release|iPhone.Build.0 = Release|iPhone
		{CDC1C086-E447-4183-83C6-C985DB842443}.Release|iPhone.Deploy.0 = Release|iPhone
		{CDC1C086-E447-4183-83C6-C985DB842443}.Release|iPhoneSimulator.ActiveCfg = Release|iPhoneSimulator
		{CDC1C086-E447-4183-83C6-C985DB842443}.Release|iPhoneSimulator.Build.0 = Release|iPhoneSimulator
		{CDC1C086-E447-4183-83C6-C985DB842443}.Release|iPhoneSimulator.Deploy.0 = Release|iPhoneSimulator
		{CDC1C086-E447-4183-83C6-C985DB842443}.Release|x64.ActiveCfg = Release|iPhoneSimulator
		{CDC1C086-E447-4183-83C6-C985DB842443}.Release|x64.Build.0 = Release|iPhoneSimulator
		{CDC1C086-E447-4183-83C6-C985DB842443}.Release|x64.Deploy.0 = Release|iPhoneSimulator
		{CDC1C086-E447-4183-83C6-C985DB842443}.Release|x86.ActiveCfg = Release|iPhoneSimulator
		{CDC1C086-E447-4183-83C6-C985DB842443}.Release|x86.Build.0 = Release|iPhoneSimulator
		{CDC1C086-E447-4183-83C6-C985DB842443}.Release|x86.Deploy.0 = Release|iPhoneSimulator
		{BA0699F4-0129-4523-9661-AD8B3266C066}.Debug|Any CPU.ActiveCfg = Debug|Any CPU
		{BA0699F4-0129-4523-9661-AD8B3266C066}.Debug|Any CPU.Build.0 = Debug|Any CPU
		{BA0699F4-0129-4523-9661-AD8B3266C066}.Debug|Any CPU.Deploy.0 = Debug|Any CPU
		{BA0699F4-0129-4523-9661-AD8B3266C066}.Debug|ARM.ActiveCfg = Debug|Any CPU
		{BA0699F4-0129-4523-9661-AD8B3266C066}.Debug|ARM.Build.0 = Debug|Any CPU
		{BA0699F4-0129-4523-9661-AD8B3266C066}.Debug|ARM.Deploy.0 = Debug|Any CPU
		{BA0699F4-0129-4523-9661-AD8B3266C066}.Debug|iPhone.ActiveCfg = Debug|Any CPU
		{BA0699F4-0129-4523-9661-AD8B3266C066}.Debug|iPhone.Build.0 = Debug|Any CPU
		{BA0699F4-0129-4523-9661-AD8B3266C066}.Debug|iPhone.Deploy.0 = Debug|Any CPU
		{BA0699F4-0129-4523-9661-AD8B3266C066}.Debug|iPhoneSimulator.ActiveCfg = Debug|Any CPU
		{BA0699F4-0129-4523-9661-AD8B3266C066}.Debug|iPhoneSimulator.Build.0 = Debug|Any CPU
		{BA0699F4-0129-4523-9661-AD8B3266C066}.Debug|iPhoneSimulator.Deploy.0 = Debug|Any CPU
		{BA0699F4-0129-4523-9661-AD8B3266C066}.Debug|x64.ActiveCfg = Debug|Any CPU
		{BA0699F4-0129-4523-9661-AD8B3266C066}.Debug|x64.Build.0 = Debug|Any CPU
		{BA0699F4-0129-4523-9661-AD8B3266C066}.Debug|x64.Deploy.0 = Debug|Any CPU
		{BA0699F4-0129-4523-9661-AD8B3266C066}.Debug|x86.ActiveCfg = Debug|Any CPU
		{BA0699F4-0129-4523-9661-AD8B3266C066}.Debug|x86.Build.0 = Debug|Any CPU
		{BA0699F4-0129-4523-9661-AD8B3266C066}.Debug|x86.Deploy.0 = Debug|Any CPU
		{BA0699F4-0129-4523-9661-AD8B3266C066}.Release|Any CPU.ActiveCfg = Release|Any CPU
		{BA0699F4-0129-4523-9661-AD8B3266C066}.Release|Any CPU.Build.0 = Release|Any CPU
		{BA0699F4-0129-4523-9661-AD8B3266C066}.Release|Any CPU.Deploy.0 = Release|Any CPU
		{BA0699F4-0129-4523-9661-AD8B3266C066}.Release|ARM.ActiveCfg = Release|Any CPU
		{BA0699F4-0129-4523-9661-AD8B3266C066}.Release|ARM.Build.0 = Release|Any CPU
		{BA0699F4-0129-4523-9661-AD8B3266C066}.Release|ARM.Deploy.0 = Release|Any CPU
		{BA0699F4-0129-4523-9661-AD8B3266C066}.Release|iPhone.ActiveCfg = Release|Any CPU
		{BA0699F4-0129-4523-9661-AD8B3266C066}.Release|iPhone.Build.0 = Release|Any CPU
		{BA0699F4-0129-4523-9661-AD8B3266C066}.Release|iPhone.Deploy.0 = Release|Any CPU
		{BA0699F4-0129-4523-9661-AD8B3266C066}.Release|iPhoneSimulator.ActiveCfg = Release|Any CPU
		{BA0699F4-0129-4523-9661-AD8B3266C066}.Release|iPhoneSimulator.Build.0 = Release|Any CPU
		{BA0699F4-0129-4523-9661-AD8B3266C066}.Release|iPhoneSimulator.Deploy.0 = Release|Any CPU
		{BA0699F4-0129-4523-9661-AD8B3266C066}.Release|x64.ActiveCfg = Release|Any CPU
		{BA0699F4-0129-4523-9661-AD8B3266C066}.Release|x64.Build.0 = Release|Any CPU
		{BA0699F4-0129-4523-9661-AD8B3266C066}.Release|x64.Deploy.0 = Release|Any CPU
		{BA0699F4-0129-4523-9661-AD8B3266C066}.Release|x86.ActiveCfg = Release|Any CPU
		{BA0699F4-0129-4523-9661-AD8B3266C066}.Release|x86.Build.0 = Release|Any CPU
		{BA0699F4-0129-4523-9661-AD8B3266C066}.Release|x86.Deploy.0 = Release|Any CPU
		{47E55638-0071-4531-A71A-23586926A5EE}.Debug|Any CPU.ActiveCfg = Debug|Any CPU
		{47E55638-0071-4531-A71A-23586926A5EE}.Debug|Any CPU.Build.0 = Debug|Any CPU
		{47E55638-0071-4531-A71A-23586926A5EE}.Debug|ARM.ActiveCfg = Debug|Any CPU
		{47E55638-0071-4531-A71A-23586926A5EE}.Debug|ARM.Build.0 = Debug|Any CPU
		{47E55638-0071-4531-A71A-23586926A5EE}.Debug|iPhone.ActiveCfg = Debug|Any CPU
		{47E55638-0071-4531-A71A-23586926A5EE}.Debug|iPhone.Build.0 = Debug|Any CPU
		{47E55638-0071-4531-A71A-23586926A5EE}.Debug|iPhoneSimulator.ActiveCfg = Debug|Any CPU
		{47E55638-0071-4531-A71A-23586926A5EE}.Debug|iPhoneSimulator.Build.0 = Debug|Any CPU
		{47E55638-0071-4531-A71A-23586926A5EE}.Debug|x64.ActiveCfg = Debug|Any CPU
		{47E55638-0071-4531-A71A-23586926A5EE}.Debug|x64.Build.0 = Debug|Any CPU
		{47E55638-0071-4531-A71A-23586926A5EE}.Debug|x86.ActiveCfg = Debug|Any CPU
		{47E55638-0071-4531-A71A-23586926A5EE}.Debug|x86.Build.0 = Debug|Any CPU
		{47E55638-0071-4531-A71A-23586926A5EE}.Release|Any CPU.ActiveCfg = Release|Any CPU
		{47E55638-0071-4531-A71A-23586926A5EE}.Release|Any CPU.Build.0 = Release|Any CPU
		{47E55638-0071-4531-A71A-23586926A5EE}.Release|ARM.ActiveCfg = Release|Any CPU
		{47E55638-0071-4531-A71A-23586926A5EE}.Release|ARM.Build.0 = Release|Any CPU
		{47E55638-0071-4531-A71A-23586926A5EE}.Release|iPhone.ActiveCfg = Release|Any CPU
		{47E55638-0071-4531-A71A-23586926A5EE}.Release|iPhone.Build.0 = Release|Any CPU
		{47E55638-0071-4531-A71A-23586926A5EE}.Release|iPhoneSimulator.ActiveCfg = Release|Any CPU
		{47E55638-0071-4531-A71A-23586926A5EE}.Release|iPhoneSimulator.Build.0 = Release|Any CPU
		{47E55638-0071-4531-A71A-23586926A5EE}.Release|x64.ActiveCfg = Release|Any CPU
		{47E55638-0071-4531-A71A-23586926A5EE}.Release|x64.Build.0 = Release|Any CPU
		{47E55638-0071-4531-A71A-23586926A5EE}.Release|x86.ActiveCfg = Release|Any CPU
		{47E55638-0071-4531-A71A-23586926A5EE}.Release|x86.Build.0 = Release|Any CPU
		{FBCD98EC-0925-4481-A7DA-20BEAFE6A2E3}.Debug|Any CPU.ActiveCfg = Debug|Any CPU
		{FBCD98EC-0925-4481-A7DA-20BEAFE6A2E3}.Debug|Any CPU.Build.0 = Debug|Any CPU
		{FBCD98EC-0925-4481-A7DA-20BEAFE6A2E3}.Debug|ARM.ActiveCfg = Debug|Any CPU
		{FBCD98EC-0925-4481-A7DA-20BEAFE6A2E3}.Debug|ARM.Build.0 = Debug|Any CPU
		{FBCD98EC-0925-4481-A7DA-20BEAFE6A2E3}.Debug|iPhone.ActiveCfg = Debug|Any CPU
		{FBCD98EC-0925-4481-A7DA-20BEAFE6A2E3}.Debug|iPhone.Build.0 = Debug|Any CPU
		{FBCD98EC-0925-4481-A7DA-20BEAFE6A2E3}.Debug|iPhoneSimulator.ActiveCfg = Debug|Any CPU
		{FBCD98EC-0925-4481-A7DA-20BEAFE6A2E3}.Debug|iPhoneSimulator.Build.0 = Debug|Any CPU
		{FBCD98EC-0925-4481-A7DA-20BEAFE6A2E3}.Debug|x64.ActiveCfg = Debug|Any CPU
		{FBCD98EC-0925-4481-A7DA-20BEAFE6A2E3}.Debug|x64.Build.0 = Debug|Any CPU
		{FBCD98EC-0925-4481-A7DA-20BEAFE6A2E3}.Debug|x86.ActiveCfg = Debug|Any CPU
		{FBCD98EC-0925-4481-A7DA-20BEAFE6A2E3}.Debug|x86.Build.0 = Debug|Any CPU
		{FBCD98EC-0925-4481-A7DA-20BEAFE6A2E3}.Release|Any CPU.ActiveCfg = Release|Any CPU
		{FBCD98EC-0925-4481-A7DA-20BEAFE6A2E3}.Release|Any CPU.Build.0 = Release|Any CPU
		{FBCD98EC-0925-4481-A7DA-20BEAFE6A2E3}.Release|ARM.ActiveCfg = Release|Any CPU
		{FBCD98EC-0925-4481-A7DA-20BEAFE6A2E3}.Release|ARM.Build.0 = Release|Any CPU
		{FBCD98EC-0925-4481-A7DA-20BEAFE6A2E3}.Release|iPhone.ActiveCfg = Release|Any CPU
		{FBCD98EC-0925-4481-A7DA-20BEAFE6A2E3}.Release|iPhone.Build.0 = Release|Any CPU
		{FBCD98EC-0925-4481-A7DA-20BEAFE6A2E3}.Release|iPhoneSimulator.ActiveCfg = Release|Any CPU
		{FBCD98EC-0925-4481-A7DA-20BEAFE6A2E3}.Release|iPhoneSimulator.Build.0 = Release|Any CPU
		{FBCD98EC-0925-4481-A7DA-20BEAFE6A2E3}.Release|x64.ActiveCfg = Release|Any CPU
		{FBCD98EC-0925-4481-A7DA-20BEAFE6A2E3}.Release|x64.Build.0 = Release|Any CPU
		{FBCD98EC-0925-4481-A7DA-20BEAFE6A2E3}.Release|x86.ActiveCfg = Release|Any CPU
		{FBCD98EC-0925-4481-A7DA-20BEAFE6A2E3}.Release|x86.Build.0 = Release|Any CPU
		{2B00A34E-8BE6-4138-94BB-C71D14B18F54}.Debug|Any CPU.ActiveCfg = Debug|Any CPU
		{2B00A34E-8BE6-4138-94BB-C71D14B18F54}.Debug|Any CPU.Build.0 = Debug|Any CPU
		{2B00A34E-8BE6-4138-94BB-C71D14B18F54}.Debug|ARM.ActiveCfg = Debug|Any CPU
		{2B00A34E-8BE6-4138-94BB-C71D14B18F54}.Debug|ARM.Build.0 = Debug|Any CPU
		{2B00A34E-8BE6-4138-94BB-C71D14B18F54}.Debug|iPhone.ActiveCfg = Debug|Any CPU
		{2B00A34E-8BE6-4138-94BB-C71D14B18F54}.Debug|iPhone.Build.0 = Debug|Any CPU
		{2B00A34E-8BE6-4138-94BB-C71D14B18F54}.Debug|iPhoneSimulator.ActiveCfg = Debug|Any CPU
		{2B00A34E-8BE6-4138-94BB-C71D14B18F54}.Debug|iPhoneSimulator.Build.0 = Debug|Any CPU
		{2B00A34E-8BE6-4138-94BB-C71D14B18F54}.Debug|x64.ActiveCfg = Debug|Any CPU
		{2B00A34E-8BE6-4138-94BB-C71D14B18F54}.Debug|x64.Build.0 = Debug|Any CPU
		{2B00A34E-8BE6-4138-94BB-C71D14B18F54}.Debug|x86.ActiveCfg = Debug|Any CPU
		{2B00A34E-8BE6-4138-94BB-C71D14B18F54}.Debug|x86.Build.0 = Debug|Any CPU
		{2B00A34E-8BE6-4138-94BB-C71D14B18F54}.Release|Any CPU.ActiveCfg = Release|Any CPU
		{2B00A34E-8BE6-4138-94BB-C71D14B18F54}.Release|Any CPU.Build.0 = Release|Any CPU
		{2B00A34E-8BE6-4138-94BB-C71D14B18F54}.Release|ARM.ActiveCfg = Release|Any CPU
		{2B00A34E-8BE6-4138-94BB-C71D14B18F54}.Release|ARM.Build.0 = Release|Any CPU
		{2B00A34E-8BE6-4138-94BB-C71D14B18F54}.Release|iPhone.ActiveCfg = Release|Any CPU
		{2B00A34E-8BE6-4138-94BB-C71D14B18F54}.Release|iPhone.Build.0 = Release|Any CPU
		{2B00A34E-8BE6-4138-94BB-C71D14B18F54}.Release|iPhoneSimulator.ActiveCfg = Release|Any CPU
		{2B00A34E-8BE6-4138-94BB-C71D14B18F54}.Release|iPhoneSimulator.Build.0 = Release|Any CPU
		{2B00A34E-8BE6-4138-94BB-C71D14B18F54}.Release|x64.ActiveCfg = Release|Any CPU
		{2B00A34E-8BE6-4138-94BB-C71D14B18F54}.Release|x64.Build.0 = Release|Any CPU
		{2B00A34E-8BE6-4138-94BB-C71D14B18F54}.Release|x86.ActiveCfg = Release|Any CPU
		{2B00A34E-8BE6-4138-94BB-C71D14B18F54}.Release|x86.Build.0 = Release|Any CPU
		{27202E4A-C831-4515-AF91-98286DD1782D}.Debug|Any CPU.ActiveCfg = Debug|Any CPU
		{27202E4A-C831-4515-AF91-98286DD1782D}.Debug|Any CPU.Build.0 = Debug|Any CPU
		{27202E4A-C831-4515-AF91-98286DD1782D}.Debug|ARM.ActiveCfg = Debug|Any CPU
		{27202E4A-C831-4515-AF91-98286DD1782D}.Debug|ARM.Build.0 = Debug|Any CPU
		{27202E4A-C831-4515-AF91-98286DD1782D}.Debug|iPhone.ActiveCfg = Debug|Any CPU
		{27202E4A-C831-4515-AF91-98286DD1782D}.Debug|iPhone.Build.0 = Debug|Any CPU
		{27202E4A-C831-4515-AF91-98286DD1782D}.Debug|iPhoneSimulator.ActiveCfg = Debug|Any CPU
		{27202E4A-C831-4515-AF91-98286DD1782D}.Debug|iPhoneSimulator.Build.0 = Debug|Any CPU
		{27202E4A-C831-4515-AF91-98286DD1782D}.Debug|x64.ActiveCfg = Debug|Any CPU
		{27202E4A-C831-4515-AF91-98286DD1782D}.Debug|x64.Build.0 = Debug|Any CPU
		{27202E4A-C831-4515-AF91-98286DD1782D}.Debug|x86.ActiveCfg = Debug|Any CPU
		{27202E4A-C831-4515-AF91-98286DD1782D}.Debug|x86.Build.0 = Debug|Any CPU
		{27202E4A-C831-4515-AF91-98286DD1782D}.Release|Any CPU.ActiveCfg = Release|Any CPU
		{27202E4A-C831-4515-AF91-98286DD1782D}.Release|Any CPU.Build.0 = Release|Any CPU
		{27202E4A-C831-4515-AF91-98286DD1782D}.Release|ARM.ActiveCfg = Release|Any CPU
		{27202E4A-C831-4515-AF91-98286DD1782D}.Release|ARM.Build.0 = Release|Any CPU
		{27202E4A-C831-4515-AF91-98286DD1782D}.Release|iPhone.ActiveCfg = Release|Any CPU
		{27202E4A-C831-4515-AF91-98286DD1782D}.Release|iPhone.Build.0 = Release|Any CPU
		{27202E4A-C831-4515-AF91-98286DD1782D}.Release|iPhoneSimulator.ActiveCfg = Release|Any CPU
		{27202E4A-C831-4515-AF91-98286DD1782D}.Release|iPhoneSimulator.Build.0 = Release|Any CPU
		{27202E4A-C831-4515-AF91-98286DD1782D}.Release|x64.ActiveCfg = Release|Any CPU
		{27202E4A-C831-4515-AF91-98286DD1782D}.Release|x64.Build.0 = Release|Any CPU
		{27202E4A-C831-4515-AF91-98286DD1782D}.Release|x86.ActiveCfg = Release|Any CPU
		{27202E4A-C831-4515-AF91-98286DD1782D}.Release|x86.Build.0 = Release|Any CPU
		{B3D74899-975C-495C-9372-5E44CD0887EA}.Debug|Any CPU.ActiveCfg = Debug|Any CPU
		{B3D74899-975C-495C-9372-5E44CD0887EA}.Debug|Any CPU.Build.0 = Debug|Any CPU
		{B3D74899-975C-495C-9372-5E44CD0887EA}.Debug|ARM.ActiveCfg = Debug|Any CPU
		{B3D74899-975C-495C-9372-5E44CD0887EA}.Debug|ARM.Build.0 = Debug|Any CPU
		{B3D74899-975C-495C-9372-5E44CD0887EA}.Debug|iPhone.ActiveCfg = Debug|Any CPU
		{B3D74899-975C-495C-9372-5E44CD0887EA}.Debug|iPhone.Build.0 = Debug|Any CPU
		{B3D74899-975C-495C-9372-5E44CD0887EA}.Debug|iPhoneSimulator.ActiveCfg = Debug|Any CPU
		{B3D74899-975C-495C-9372-5E44CD0887EA}.Debug|iPhoneSimulator.Build.0 = Debug|Any CPU
		{B3D74899-975C-495C-9372-5E44CD0887EA}.Debug|x64.ActiveCfg = Debug|Any CPU
		{B3D74899-975C-495C-9372-5E44CD0887EA}.Debug|x64.Build.0 = Debug|Any CPU
		{B3D74899-975C-495C-9372-5E44CD0887EA}.Debug|x86.ActiveCfg = Debug|Any CPU
		{B3D74899-975C-495C-9372-5E44CD0887EA}.Debug|x86.Build.0 = Debug|Any CPU
		{B3D74899-975C-495C-9372-5E44CD0887EA}.Release|Any CPU.ActiveCfg = Release|Any CPU
		{B3D74899-975C-495C-9372-5E44CD0887EA}.Release|Any CPU.Build.0 = Release|Any CPU
		{B3D74899-975C-495C-9372-5E44CD0887EA}.Release|ARM.ActiveCfg = Release|Any CPU
		{B3D74899-975C-495C-9372-5E44CD0887EA}.Release|ARM.Build.0 = Release|Any CPU
		{B3D74899-975C-495C-9372-5E44CD0887EA}.Release|iPhone.ActiveCfg = Release|Any CPU
		{B3D74899-975C-495C-9372-5E44CD0887EA}.Release|iPhone.Build.0 = Release|Any CPU
		{B3D74899-975C-495C-9372-5E44CD0887EA}.Release|iPhoneSimulator.ActiveCfg = Release|Any CPU
		{B3D74899-975C-495C-9372-5E44CD0887EA}.Release|iPhoneSimulator.Build.0 = Release|Any CPU
		{B3D74899-975C-495C-9372-5E44CD0887EA}.Release|x64.ActiveCfg = Release|Any CPU
		{B3D74899-975C-495C-9372-5E44CD0887EA}.Release|x64.Build.0 = Release|Any CPU
		{B3D74899-975C-495C-9372-5E44CD0887EA}.Release|x86.ActiveCfg = Release|Any CPU
		{B3D74899-975C-495C-9372-5E44CD0887EA}.Release|x86.Build.0 = Release|Any CPU
		{AC605554-9572-4D23-B331-8A8B6E4F6885}.Debug|Any CPU.ActiveCfg = Debug|Any CPU
		{AC605554-9572-4D23-B331-8A8B6E4F6885}.Debug|Any CPU.Build.0 = Debug|Any CPU
		{AC605554-9572-4D23-B331-8A8B6E4F6885}.Debug|ARM.ActiveCfg = Debug|Any CPU
		{AC605554-9572-4D23-B331-8A8B6E4F6885}.Debug|ARM.Build.0 = Debug|Any CPU
		{AC605554-9572-4D23-B331-8A8B6E4F6885}.Debug|iPhone.ActiveCfg = Debug|Any CPU
		{AC605554-9572-4D23-B331-8A8B6E4F6885}.Debug|iPhone.Build.0 = Debug|Any CPU
		{AC605554-9572-4D23-B331-8A8B6E4F6885}.Debug|iPhoneSimulator.ActiveCfg = Debug|Any CPU
		{AC605554-9572-4D23-B331-8A8B6E4F6885}.Debug|iPhoneSimulator.Build.0 = Debug|Any CPU
		{AC605554-9572-4D23-B331-8A8B6E4F6885}.Debug|x64.ActiveCfg = Debug|Any CPU
		{AC605554-9572-4D23-B331-8A8B6E4F6885}.Debug|x64.Build.0 = Debug|Any CPU
		{AC605554-9572-4D23-B331-8A8B6E4F6885}.Debug|x86.ActiveCfg = Debug|Any CPU
		{AC605554-9572-4D23-B331-8A8B6E4F6885}.Debug|x86.Build.0 = Debug|Any CPU
		{AC605554-9572-4D23-B331-8A8B6E4F6885}.Release|Any CPU.ActiveCfg = Release|Any CPU
		{AC605554-9572-4D23-B331-8A8B6E4F6885}.Release|Any CPU.Build.0 = Release|Any CPU
		{AC605554-9572-4D23-B331-8A8B6E4F6885}.Release|ARM.ActiveCfg = Release|Any CPU
		{AC605554-9572-4D23-B331-8A8B6E4F6885}.Release|ARM.Build.0 = Release|Any CPU
		{AC605554-9572-4D23-B331-8A8B6E4F6885}.Release|iPhone.ActiveCfg = Release|Any CPU
		{AC605554-9572-4D23-B331-8A8B6E4F6885}.Release|iPhone.Build.0 = Release|Any CPU
		{AC605554-9572-4D23-B331-8A8B6E4F6885}.Release|iPhoneSimulator.ActiveCfg = Release|Any CPU
		{AC605554-9572-4D23-B331-8A8B6E4F6885}.Release|iPhoneSimulator.Build.0 = Release|Any CPU
		{AC605554-9572-4D23-B331-8A8B6E4F6885}.Release|x64.ActiveCfg = Release|Any CPU
		{AC605554-9572-4D23-B331-8A8B6E4F6885}.Release|x64.Build.0 = Release|Any CPU
		{AC605554-9572-4D23-B331-8A8B6E4F6885}.Release|x86.ActiveCfg = Release|Any CPU
		{AC605554-9572-4D23-B331-8A8B6E4F6885}.Release|x86.Build.0 = Release|Any CPU
	EndGlobalSection
	GlobalSection(SolutionProperties) = preSolution
		HideSolutionNode = FALSE
	EndGlobalSection
	GlobalSection(NestedProjects) = preSolution
		{993259EA-EBF5-4E0F-A705-55C13EC49DC7} = {86D16FAB-E0A6-4566-A4E3-51062EBD8985}
		{0400A24B-4B4A-45B8-B424-833C2B761706} = {86D16FAB-E0A6-4566-A4E3-51062EBD8985}
		{CDC1C086-E447-4183-83C6-C985DB842443} = {86D16FAB-E0A6-4566-A4E3-51062EBD8985}
		{BA0699F4-0129-4523-9661-AD8B3266C066} = {86D16FAB-E0A6-4566-A4E3-51062EBD8985}
		{47E55638-0071-4531-A71A-23586926A5EE} = {00D9334E-F8FA-4D2F-BC91-184B9527E80D}
		{7FBF5D32-240B-4FB8-8CF3-9F21D7DFFE95} = {62B36647-DF76-443F-A615-D0FE2B7B06A1}
		{1553991A-F2D4-4F37-AF58-A3C67CABF8CA} = {00D9334E-F8FA-4D2F-BC91-184B9527E80D}
		{4B798D70-B366-4474-AA5F-1D62B2E63125} = {1553991A-F2D4-4F37-AF58-A3C67CABF8CA}
		{07E37088-23C9-4954-B6D8-7D2207992808} = {1553991A-F2D4-4F37-AF58-A3C67CABF8CA}
		{FBCD98EC-0925-4481-A7DA-20BEAFE6A2E3} = {4B798D70-B366-4474-AA5F-1D62B2E63125}
		{2B00A34E-8BE6-4138-94BB-C71D14B18F54} = {4B798D70-B366-4474-AA5F-1D62B2E63125}
		{27202E4A-C831-4515-AF91-98286DD1782D} = {07E37088-23C9-4954-B6D8-7D2207992808}
		{B3D74899-975C-495C-9372-5E44CD0887EA} = {07E37088-23C9-4954-B6D8-7D2207992808}
		{AC605554-9572-4D23-B331-8A8B6E4F6885} = {07E37088-23C9-4954-B6D8-7D2207992808}
		{5BBFB99C-1EE7-4B6E-AD2C-D09AD7FC0311} = {62B36647-DF76-443F-A615-D0FE2B7B06A1}
		{C8EBD249-CFDC-4504-8D58-54583FF58692} = {62B36647-DF76-443F-A615-D0FE2B7B06A1}
		{29A67876-6C98-4728-8D86-0B779159BF9F} = {5BBFB99C-1EE7-4B6E-AD2C-D09AD7FC0311}
	EndGlobalSection
	GlobalSection(ExtensibilityGlobals) = postSolution
		SolutionGuid = {78D09727-8517-4690-A623-60F2E7DC477D}
	EndGlobalSection
EndGlobal
